
Microsoft Visual Studio Solution File, Format Version 12.00
# Visual Studio Version 17
VisualStudioVersion = 17.11.35327.3
MinimumVisualStudioVersion = 10.0.40219.1
Project("{8BC9CEB8-8B4A-11D0-8D11-00A0C91BC942}") = "nelderr", "nelderr\nelderr.vcxproj", "{D08954F1-4D61-438B-A4C3-DD1A70485AE7}"
EndProject
Project("{8BC9CEB8-8B4A-11D0-8D11-00A0C91BC942}") = "NelderMeadTest", "NelderMeadTest\NelderMeadTest.vcxproj", "{1C030137-EA64-4551-A696-98DDFDEC1667}"
	ProjectSection(ProjectDependencies) = postProject
		{D08954F1-4D61-438B-A4C3-DD1A70485AE7} = {D08954F1-4D61-438B-A4C3-DD1A70485AE7}
	EndProjectSection
EndProject
Project("{8BC9CEB8-8B4A-11D0-8D11-00A0C91BC942}") = "Sample-Test1", "Sample-Test1\Sample-Test1.vcxproj", "{7F8F4D02-648F-4100-B835-0ED32C0A7DEA}"
EndProject
Global
	GlobalSection(SolutionConfigurationPlatforms) = preSolution
		Debug|Any CPU = Debug|Any CPU
		Debug|x64 = Debug|x64
		Debug|x86 = Debug|x86
		Release|Any CPU = Release|Any CPU
		Release|x64 = Release|x64
		Release|x86 = Release|x86
	EndGlobalSection
	GlobalSection(ProjectConfigurationPlatforms) = postSolution
		{D08954F1-4D61-438B-A4C3-DD1A70485AE7}.Debug|Any CPU.ActiveCfg = Debug|x64
		{D08954F1-4D61-438B-A4C3-DD1A70485AE7}.Debug|Any CPU.Build.0 = Debug|x64
		{D08954F1-4D61-438B-A4C3-DD1A70485AE7}.Debug|x64.ActiveCfg = Debug|x64
		{D08954F1-4D61-438B-A4C3-DD1A70485AE7}.Debug|x64.Build.0 = Debug|x64
		{D08954F1-4D61-438B-A4C3-DD1A70485AE7}.Debug|x86.ActiveCfg = Debug|Win32
		{D08954F1-4D61-438B-A4C3-DD1A70485AE7}.Debug|x86.Build.0 = Debug|Win32
		{D08954F1-4D61-438B-A4C3-DD1A70485AE7}.Release|Any CPU.ActiveCfg = Release|x64
		{D08954F1-4D61-438B-A4C3-DD1A70485AE7}.Release|Any CPU.Build.0 = Release|x64
		{D08954F1-4D61-438B-A4C3-DD1A70485AE7}.Release|x64.ActiveCfg = Release|x64
		{D08954F1-4D61-438B-A4C3-DD1A70485AE7}.Release|x64.Build.0 = Release|x64
		{D08954F1-4D61-438B-A4C3-DD1A70485AE7}.Release|x86.ActiveCfg = Release|Win32
		{D08954F1-4D61-438B-A4C3-DD1A70485AE7}.Release|x86.Build.0 = Release|Win32
		{1C030137-EA64-4551-A696-98DDFDEC1667}.Debug|Any CPU.ActiveCfg = Debug|x64
		{1C030137-EA64-4551-A696-98DDFDEC1667}.Debug|Any CPU.Build.0 = Debug|x64
		{1C030137-EA64-4551-A696-98DDFDEC1667}.Debug|x64.ActiveCfg = Debug|x64
		{1C030137-EA64-4551-A696-98DDFDEC1667}.Debug|x64.Build.0 = Debug|x64
		{1C030137-EA64-4551-A696-98DDFDEC1667}.Debug|x86.ActiveCfg = Debug|Win32
		{1C030137-EA64-4551-A696-98DDFDEC1667}.Debug|x86.Build.0 = Debug|Win32
		{1C030137-EA64-4551-A696-98DDFDEC1667}.Release|Any CPU.ActiveCfg = Release|x64
		{1C030137-EA64-4551-A696-98DDFDEC1667}.Release|Any CPU.Build.0 = Release|x64
		{1C030137-EA64-4551-A696-98DDFDEC1667}.Release|x64.ActiveCfg = Release|x64
		{1C030137-EA64-4551-A696-98DDFDEC1667}.Release|x64.Build.0 = Release|x64
		{1C030137-EA64-4551-A696-98DDFDEC1667}.Release|x86.ActiveCfg = Release|Win32
		{1C030137-EA64-4551-A696-98DDFDEC1667}.Release|x86.Build.0 = Release|Win32
		{7F8F4D02-648F-4100-B835-0ED32C0A7DEA}.Debug|Any CPU.ActiveCfg = Debug|x64
		{7F8F4D02-648F-4100-B835-0ED32C0A7DEA}.Debug|Any CPU.Build.0 = Debug|x64
		{7F8F4D02-648F-4100-B835-0ED32C0A7DEA}.Debug|x64.ActiveCfg = Debug|x64
		{7F8F4D02-648F-4100-B835-0ED32C0A7DEA}.Debug|x64.Build.0 = Debug|x64
		{7F8F4D02-648F-4100-B835-0ED32C0A7DEA}.Debug|x86.ActiveCfg = Debug|Win32
		{7F8F4D02-648F-4100-B835-0ED32C0A7DEA}.Debug|x86.Build.0 = Debug|Win32
		{7F8F4D02-648F-4100-B835-0ED32C0A7DEA}.Release|Any CPU.ActiveCfg = Release|x64
		{7F8F4D02-648F-4100-B835-0ED32C0A7DEA}.Release|Any CPU.Build.0 = Release|x64
		{7F8F4D02-648F-4100-B835-0ED32C0A7DEA}.Release|x64.ActiveCfg = Release|x64
		{7F8F4D02-648F-4100-B835-0ED32C0A7DEA}.Release|x64.Build.0 = Release|x64
		{7F8F4D02-648F-4100-B835-0ED32C0A7DEA}.Release|x86.ActiveCfg = Release|Win32
		{7F8F4D02-648F-4100-B835-0ED32C0A7DEA}.Release|x86.Build.0 = Release|Win32
	EndGlobalSection
	GlobalSection(SolutionProperties) = preSolution
		HideSolutionNode = FALSE
	EndGlobalSection
	GlobalSection(ExtensibilityGlobals) = postSolution
		SolutionGuid = {92CC419C-7F73-4100-92A2-CA34B2FCBF4F}
	EndGlobalSection
EndGlobal
